
Microsoft Visual Studio Solution File, Format Version 12.00
# Visual Studio 15
VisualStudioVersion = 15.0.26730.10
MinimumVisualStudioVersion = 10.0.40219.1
Project("{2150E333-8FDC-42A3-9474-1A3956D46DE8}") = "src", "src", "{1240A5F6-6AF4-43A9-823C-A3E95C552489}"
EndProject
Project("{2150E333-8FDC-42A3-9474-1A3956D46DE8}") = "test", "test", "{E68676EF-2369-4772-8B7B-03F9D303BEB4}"
EndProject
Project("{FAE04EC0-301F-11D3-BF4B-00C04F79EFBC}") = "NaCoDoKina.Api", "NaCoDoKina.Api\NaCoDoKina.Api.csproj", "{6901150B-FC00-456D-83E1-8CDC84419FF4}"
EndProject
Project("{FAE04EC0-301F-11D3-BF4B-00C04F79EFBC}") = "NaCoDoKina.Api.Tests", "NaCoDoKina.Api.Tests\NaCoDoKina.Api.Tests.csproj", "{C37FC69C-EC07-41AD-BE79-C66272341619}"
EndProject
Project("{FAE04EC0-301F-11D3-BF4B-00C04F79EFBC}") = "NaCoDoKina.Api.IntegrationTests", "NaCoDoKina.Api.IntegrationTests\NaCoDoKina.Api.IntegrationTests.csproj", "{BC2D188E-5FD3-4402-BAE1-5DF796D3B457}"
EndProject
Global
	GlobalSection(SolutionConfigurationPlatforms) = preSolution
		Debug|Any CPU = Debug|Any CPU
		Release|Any CPU = Release|Any CPU
	EndGlobalSection
	GlobalSection(ProjectConfigurationPlatforms) = postSolution
		{6901150B-FC00-456D-83E1-8CDC84419FF4}.Debug|Any CPU.ActiveCfg = Debug|Any CPU
		{6901150B-FC00-456D-83E1-8CDC84419FF4}.Debug|Any CPU.Build.0 = Debug|Any CPU
		{6901150B-FC00-456D-83E1-8CDC84419FF4}.Release|Any CPU.ActiveCfg = Release|Any CPU
		{6901150B-FC00-456D-83E1-8CDC84419FF4}.Release|Any CPU.Build.0 = Release|Any CPU
		{C37FC69C-EC07-41AD-BE79-C66272341619}.Debug|Any CPU.ActiveCfg = Debug|Any CPU
		{C37FC69C-EC07-41AD-BE79-C66272341619}.Debug|Any CPU.Build.0 = Debug|Any CPU
		{C37FC69C-EC07-41AD-BE79-C66272341619}.Release|Any CPU.ActiveCfg = Release|Any CPU
		{C37FC69C-EC07-41AD-BE79-C66272341619}.Release|Any CPU.Build.0 = Release|Any CPU
		{BC2D188E-5FD3-4402-BAE1-5DF796D3B457}.Debug|Any CPU.ActiveCfg = Debug|Any CPU
		{BC2D188E-5FD3-4402-BAE1-5DF796D3B457}.Debug|Any CPU.Build.0 = Debug|Any CPU
		{BC2D188E-5FD3-4402-BAE1-5DF796D3B457}.Release|Any CPU.ActiveCfg = Release|Any CPU
		{BC2D188E-5FD3-4402-BAE1-5DF796D3B457}.Release|Any CPU.Build.0 = Release|Any CPU
	EndGlobalSection
	GlobalSection(SolutionProperties) = preSolution
		HideSolutionNode = FALSE
	EndGlobalSection
	GlobalSection(NestedProjects) = preSolution
		{6901150B-FC00-456D-83E1-8CDC84419FF4} = {1240A5F6-6AF4-43A9-823C-A3E95C552489}
		{C37FC69C-EC07-41AD-BE79-C66272341619} = {E68676EF-2369-4772-8B7B-03F9D303BEB4}
		{BC2D188E-5FD3-4402-BAE1-5DF796D3B457} = {E68676EF-2369-4772-8B7B-03F9D303BEB4}
	EndGlobalSection
	GlobalSection(ExtensibilityGlobals) = postSolution
		SolutionGuid = {3953E5A7-1708-45C4-BBCD-90E51615BB3B}
	EndGlobalSection
EndGlobal
