
Microsoft Visual Studio Solution File, Format Version 12.00
# Visual Studio 15
VisualStudioVersion = 15.0.26730.16
MinimumVisualStudioVersion = 10.0.40219.1
Project("{2150E333-8FDC-42A3-9474-1A3956D46DE8}") = "src", "src", "{1240A5F6-6AF4-43A9-823C-A3E95C552489}"
EndProject
Project("{2150E333-8FDC-42A3-9474-1A3956D46DE8}") = "test", "test", "{E68676EF-2369-4772-8B7B-03F9D303BEB4}"
EndProject
Project("{9A19103F-16F7-4668-BE54-9A1E7A4F7556}") = "NaCoDoKina.Api", "src\NaCoDoKina.Api\NaCoDoKina.Api.csproj", "{E96A79FF-C356-4256-B183-33AC7B99E806}"
EndProject
Project("{9A19103F-16F7-4668-BE54-9A1E7A4F7556}") = "NaCoDoKina.Api.IntegrationTests", "tests\NaCoDoKina.Api.IntegrationTests\NaCoDoKina.Api.IntegrationTests.csproj", "{A106F4A4-FF6A-47DB-BEE6-401A68C62A2F}"
EndProject
Project("{9A19103F-16F7-4668-BE54-9A1E7A4F7556}") = "NaCoDoKina.Api.Tests", "tests\NaCoDoKina.Api.Tests\NaCoDoKina.Api.Tests.csproj", "{A0047E98-7E91-46AD-A6C3-2B24D3D89729}"
EndProject
Project("{9A19103F-16F7-4668-BE54-9A1E7A4F7556}") = "ApplicationCore", "src\ApplicationCore\ApplicationCore.csproj", "{CDD4707F-CF1A-4BFD-9D52-D28BA83E5C43}"
EndProject
Project("{9A19103F-16F7-4668-BE54-9A1E7A4F7556}") = "Infrastructure", "src\Infrastructure\Infrastructure.csproj", "{8553B57F-1078-491B-8C8D-EA60370ADC8D}"
EndProject
Project("{FAE04EC0-301F-11D3-BF4B-00C04F79EFBC}") = "HangfireHost", "src\HangfireHost\HangfireHost.csproj", "{8D715CC5-1165-42FD-828F-153E1306FDA6}"
EndProject
Global
	GlobalSection(SolutionConfigurationPlatforms) = preSolution
		Debug|Any CPU = Debug|Any CPU
		Release|Any CPU = Release|Any CPU
	EndGlobalSection
	GlobalSection(ProjectConfigurationPlatforms) = postSolution
		{E96A79FF-C356-4256-B183-33AC7B99E806}.Debug|Any CPU.ActiveCfg = Debug|Any CPU
		{E96A79FF-C356-4256-B183-33AC7B99E806}.Debug|Any CPU.Build.0 = Debug|Any CPU
		{E96A79FF-C356-4256-B183-33AC7B99E806}.Release|Any CPU.ActiveCfg = Release|Any CPU
		{E96A79FF-C356-4256-B183-33AC7B99E806}.Release|Any CPU.Build.0 = Release|Any CPU
		{A106F4A4-FF6A-47DB-BEE6-401A68C62A2F}.Debug|Any CPU.ActiveCfg = Debug|Any CPU
		{A106F4A4-FF6A-47DB-BEE6-401A68C62A2F}.Debug|Any CPU.Build.0 = Debug|Any CPU
		{A106F4A4-FF6A-47DB-BEE6-401A68C62A2F}.Release|Any CPU.ActiveCfg = Release|Any CPU
		{A106F4A4-FF6A-47DB-BEE6-401A68C62A2F}.Release|Any CPU.Build.0 = Release|Any CPU
		{A0047E98-7E91-46AD-A6C3-2B24D3D89729}.Debug|Any CPU.ActiveCfg = Debug|Any CPU
		{A0047E98-7E91-46AD-A6C3-2B24D3D89729}.Debug|Any CPU.Build.0 = Debug|Any CPU
		{A0047E98-7E91-46AD-A6C3-2B24D3D89729}.Release|Any CPU.ActiveCfg = Release|Any CPU
		{A0047E98-7E91-46AD-A6C3-2B24D3D89729}.Release|Any CPU.Build.0 = Release|Any CPU
		{CDD4707F-CF1A-4BFD-9D52-D28BA83E5C43}.Debug|Any CPU.ActiveCfg = Debug|Any CPU
		{CDD4707F-CF1A-4BFD-9D52-D28BA83E5C43}.Debug|Any CPU.Build.0 = Debug|Any CPU
		{CDD4707F-CF1A-4BFD-9D52-D28BA83E5C43}.Release|Any CPU.ActiveCfg = Release|Any CPU
		{CDD4707F-CF1A-4BFD-9D52-D28BA83E5C43}.Release|Any CPU.Build.0 = Release|Any CPU
		{8553B57F-1078-491B-8C8D-EA60370ADC8D}.Debug|Any CPU.ActiveCfg = Debug|Any CPU
		{8553B57F-1078-491B-8C8D-EA60370ADC8D}.Debug|Any CPU.Build.0 = Debug|Any CPU
		{8553B57F-1078-491B-8C8D-EA60370ADC8D}.Release|Any CPU.ActiveCfg = Release|Any CPU
		{8553B57F-1078-491B-8C8D-EA60370ADC8D}.Release|Any CPU.Build.0 = Release|Any CPU
		{8D715CC5-1165-42FD-828F-153E1306FDA6}.Debug|Any CPU.ActiveCfg = Debug|Any CPU
		{8D715CC5-1165-42FD-828F-153E1306FDA6}.Debug|Any CPU.Build.0 = Debug|Any CPU
		{8D715CC5-1165-42FD-828F-153E1306FDA6}.Release|Any CPU.ActiveCfg = Release|Any CPU
		{8D715CC5-1165-42FD-828F-153E1306FDA6}.Release|Any CPU.Build.0 = Release|Any CPU
	EndGlobalSection
	GlobalSection(SolutionProperties) = preSolution
		HideSolutionNode = FALSE
	EndGlobalSection
	GlobalSection(NestedProjects) = preSolution
		{E96A79FF-C356-4256-B183-33AC7B99E806} = {1240A5F6-6AF4-43A9-823C-A3E95C552489}
		{A106F4A4-FF6A-47DB-BEE6-401A68C62A2F} = {E68676EF-2369-4772-8B7B-03F9D303BEB4}
		{A0047E98-7E91-46AD-A6C3-2B24D3D89729} = {E68676EF-2369-4772-8B7B-03F9D303BEB4}
		{CDD4707F-CF1A-4BFD-9D52-D28BA83E5C43} = {1240A5F6-6AF4-43A9-823C-A3E95C552489}
		{8553B57F-1078-491B-8C8D-EA60370ADC8D} = {1240A5F6-6AF4-43A9-823C-A3E95C552489}
		{8D715CC5-1165-42FD-828F-153E1306FDA6} = {1240A5F6-6AF4-43A9-823C-A3E95C552489}
	EndGlobalSection
	GlobalSection(ExtensibilityGlobals) = postSolution
		SolutionGuid = {3953E5A7-1708-45C4-BBCD-90E51615BB3B}
	EndGlobalSection
EndGlobal
